
Microsoft Visual Studio Solution File, Format Version 12.00
# Visual Studio 15
VisualStudioVersion = 15.0.27004.2005
MinimumVisualStudioVersion = 10.0.40219.1
Project("{FAE04EC0-301F-11D3-BF4B-00C04F79EFBC}") = "SequentialCollections", "SequentialCollections\SequentialCollections.csproj", "{92CF531D-8352-4536-98DD-5DDCA177F615}"
EndProject
Project("{FAE04EC0-301F-11D3-BF4B-00C04F79EFBC}") = "DictionaryCollections", "DictionaryCollections\DictionaryCollections.csproj", "{91791377-1BBA-404E-9320-61BC8C4CE56F}"
EndProject
Project("{FAE04EC0-301F-11D3-BF4B-00C04F79EFBC}") = "LookupCollections", "LookupCollections\LookupCollections.csproj", "{D0097245-3E91-4DC4-9CB6-16BCBC198DF5}"
EndProject
Global
	GlobalSection(SolutionConfigurationPlatforms) = preSolution
		Debug|Any CPU = Debug|Any CPU
		Release|Any CPU = Release|Any CPU
	EndGlobalSection
	GlobalSection(ProjectConfigurationPlatforms) = postSolution
		{92CF531D-8352-4536-98DD-5DDCA177F615}.Debug|Any CPU.ActiveCfg = Debug|Any CPU
		{92CF531D-8352-4536-98DD-5DDCA177F615}.Debug|Any CPU.Build.0 = Debug|Any CPU
		{92CF531D-8352-4536-98DD-5DDCA177F615}.Release|Any CPU.ActiveCfg = Release|Any CPU
		{92CF531D-8352-4536-98DD-5DDCA177F615}.Release|Any CPU.Build.0 = Release|Any CPU
		{91791377-1BBA-404E-9320-61BC8C4CE56F}.Debug|Any CPU.ActiveCfg = Debug|Any CPU
		{91791377-1BBA-404E-9320-61BC8C4CE56F}.Debug|Any CPU.Build.0 = Debug|Any CPU
		{91791377-1BBA-404E-9320-61BC8C4CE56F}.Release|Any CPU.ActiveCfg = Release|Any CPU
		{91791377-1BBA-404E-9320-61BC8C4CE56F}.Release|Any CPU.Build.0 = Release|Any CPU
		{D0097245-3E91-4DC4-9CB6-16BCBC198DF5}.Debug|Any CPU.ActiveCfg = Debug|Any CPU
		{D0097245-3E91-4DC4-9CB6-16BCBC198DF5}.Debug|Any CPU.Build.0 = Debug|Any CPU
		{D0097245-3E91-4DC4-9CB6-16BCBC198DF5}.Release|Any CPU.ActiveCfg = Release|Any CPU
		{D0097245-3E91-4DC4-9CB6-16BCBC198DF5}.Release|Any CPU.Build.0 = Release|Any CPU
	EndGlobalSection
	GlobalSection(SolutionProperties) = preSolution
		HideSolutionNode = FALSE
	EndGlobalSection
	GlobalSection(ExtensibilityGlobals) = postSolution
		SolutionGuid = {1268C8DF-6B2B-4259-8507-E98748654FE0}
	EndGlobalSection
EndGlobal
